
Microsoft Visual Studio Solution File, Format Version 12.00
# Visual Studio Version 17
VisualStudioVersion = 17.13.35617.110 d17.13
MinimumVisualStudioVersion = 10.0.40219.1
Project("{FAE04EC0-301F-11D3-BF4B-00C04F79EFBC}") = "client", "client.csproj", "{3BEEAE08-271A-49FA-B916-2E3C7DBBE46C}"
EndProject
Global
	GlobalSection(SolutionConfigurationPlatforms) = preSolution
		Debug|Any CPU = Debug|Any CPU
		Release|Any CPU = Release|Any CPU
	EndGlobalSection
	GlobalSection(ProjectConfigurationPlatforms) = postSolution
		{3BEEAE08-271A-49FA-B916-2E3C7DBBE46C}.Debug|Any CPU.ActiveCfg = Debug|Any CPU
		{3BEEAE08-271A-49FA-B916-2E3C7DBBE46C}.Debug|Any CPU.Build.0 = Debug|Any CPU
		{3BEEAE08-271A-49FA-B916-2E3C7DBBE46C}.Release|Any CPU.ActiveCfg = Release|Any CPU
		{3BEEAE08-271A-49FA-B916-2E3C7DBBE46C}.Release|Any CPU.Build.0 = Release|Any CPU
	EndGlobalSection
	GlobalSection(SolutionProperties) = preSolution
		HideSolutionNode = FALSE
	EndGlobalSection
	GlobalSection(ExtensibilityGlobals) = postSolution
		SolutionGuid = {0E37C21E-96EA-4E76-926C-16973086FB41}
	EndGlobalSection
EndGlobal
